
Microsoft Visual Studio Solution File, Format Version 12.00
# Visual Studio Version 17
VisualStudioVersion = 17.4.33006.217
MinimumVisualStudioVersion = 10.0.40219.1
Project("{6EC3EE1D-3C4E-46DD-8F32-0CC8E7565705}") = "FsNICC", "FsNICC\FsNICC.fsproj", "{9735D7F6-4197-47FB-9125-C3930B6F4549}"
EndProject
Project("{6EC3EE1D-3C4E-46DD-8F32-0CC8E7565705}") = "FsNICC.WPF", "FsNICC.WPF\FsNICC.WPF.fsproj", "{3771174F-FC51-4C75-A5B4-C5CC19D59F58}"
EndProject
Project("{F2A71F9B-5D33-465A-A702-920D77279786}") = "FsNICC.Spectre", "FsNICC.Spectre\FsNICC.Spectre.fsproj", "{2C7E3647-7B1E-4B41-AB19-EBEF9BC73C08}"
EndProject
Project("{F2A71F9B-5D33-465A-A702-920D77279786}") = "FsNICC.Check", "FsNICC.Check\FsNICC.Check.fsproj", "{35A2012E-5568-46D0-9798-B9F1EF278067}"
EndProject
Global
	GlobalSection(SolutionConfigurationPlatforms) = preSolution
		Debug|Any CPU = Debug|Any CPU
		Release|Any CPU = Release|Any CPU
	EndGlobalSection
	GlobalSection(ProjectConfigurationPlatforms) = postSolution
		{9735D7F6-4197-47FB-9125-C3930B6F4549}.Debug|Any CPU.ActiveCfg = Debug|Any CPU
		{9735D7F6-4197-47FB-9125-C3930B6F4549}.Debug|Any CPU.Build.0 = Debug|Any CPU
		{9735D7F6-4197-47FB-9125-C3930B6F4549}.Release|Any CPU.ActiveCfg = Release|Any CPU
		{9735D7F6-4197-47FB-9125-C3930B6F4549}.Release|Any CPU.Build.0 = Release|Any CPU
		{3771174F-FC51-4C75-A5B4-C5CC19D59F58}.Debug|Any CPU.ActiveCfg = Debug|Any CPU
		{3771174F-FC51-4C75-A5B4-C5CC19D59F58}.Debug|Any CPU.Build.0 = Debug|Any CPU
		{3771174F-FC51-4C75-A5B4-C5CC19D59F58}.Release|Any CPU.ActiveCfg = Release|Any CPU
		{3771174F-FC51-4C75-A5B4-C5CC19D59F58}.Release|Any CPU.Build.0 = Release|Any CPU
		{2C7E3647-7B1E-4B41-AB19-EBEF9BC73C08}.Debug|Any CPU.ActiveCfg = Debug|Any CPU
		{2C7E3647-7B1E-4B41-AB19-EBEF9BC73C08}.Debug|Any CPU.Build.0 = Debug|Any CPU
		{2C7E3647-7B1E-4B41-AB19-EBEF9BC73C08}.Release|Any CPU.ActiveCfg = Release|Any CPU
		{2C7E3647-7B1E-4B41-AB19-EBEF9BC73C08}.Release|Any CPU.Build.0 = Release|Any CPU
		{35A2012E-5568-46D0-9798-B9F1EF278067}.Debug|Any CPU.ActiveCfg = Debug|Any CPU
		{35A2012E-5568-46D0-9798-B9F1EF278067}.Debug|Any CPU.Build.0 = Debug|Any CPU
		{35A2012E-5568-46D0-9798-B9F1EF278067}.Release|Any CPU.ActiveCfg = Release|Any CPU
		{35A2012E-5568-46D0-9798-B9F1EF278067}.Release|Any CPU.Build.0 = Release|Any CPU
	EndGlobalSection
	GlobalSection(SolutionProperties) = preSolution
		HideSolutionNode = FALSE
	EndGlobalSection
	GlobalSection(ExtensibilityGlobals) = postSolution
		SolutionGuid = {78691666-7844-43BF-8CBC-91D8FA93BBB5}
	EndGlobalSection
EndGlobal
